
Microsoft Visual Studio Solution File, Format Version 12.00
# Visual Studio Version 16
VisualStudioVersion = 16.0.31205.134
MinimumVisualStudioVersion = 10.0.40219.1
Project("{FAE04EC0-301F-11D3-BF4B-00C04F79EFBC}") = "CalculadoraConsole", "CalculadoraConsole\CalculadoraConsole.csproj", "{AF5FCBCD-C7AD-4A6A-B6FA-F42DDDCEEDA7}"
EndProject
Global
	GlobalSection(SolutionConfigurationPlatforms) = preSolution
		Debug|Any CPU = Debug|Any CPU
		Release|Any CPU = Release|Any CPU
	EndGlobalSection
	GlobalSection(ProjectConfigurationPlatforms) = postSolution
		{AF5FCBCD-C7AD-4A6A-B6FA-F42DDDCEEDA7}.Debug|Any CPU.ActiveCfg = Debug|Any CPU
		{AF5FCBCD-C7AD-4A6A-B6FA-F42DDDCEEDA7}.Debug|Any CPU.Build.0 = Debug|Any CPU
		{AF5FCBCD-C7AD-4A6A-B6FA-F42DDDCEEDA7}.Release|Any CPU.ActiveCfg = Release|Any CPU
		{AF5FCBCD-C7AD-4A6A-B6FA-F42DDDCEEDA7}.Release|Any CPU.Build.0 = Release|Any CPU
	EndGlobalSection
	GlobalSection(SolutionProperties) = preSolution
		HideSolutionNode = FALSE
	EndGlobalSection
	GlobalSection(ExtensibilityGlobals) = postSolution
		SolutionGuid = {42444118-73AA-4AD1-A3F5-AEE7517BF91A}
	EndGlobalSection
EndGlobal
